{
  "name": "shaka-repro",
  "version": "1.0.0",
  "lockfileVersion": 1,
  "requires": true,
  "dependencies": {
    "@castify/shaka-player-fixed": {
      "version": "github:screencastify/shaka-player#b82f08db2db41a7e1f198c39ecab0d3e6e5594cc",
      "from": "github:screencastify/shaka-player#b82f08db2db41a7e1f198c39ecab0d3e6e5594cc",
      "requires": {
        "eme-encryption-scheme-polyfill": "^2.0.3"
      }
    },
    "argparse": {
      "version": "1.0.10",
      "resolved": "https://registry.npmjs.org/argparse/-/argparse-1.0.10.tgz",
      "integrity": "sha512-o5Roy6tNG4SL/FOkCAN6RzjiakZS25RLYFrcMttJqbdd8BWrnA+fGz57iN5Pb06pvBGvl5gQ0B48dJlslXvoTg==",
      "requires": {
        "sprintf-js": "~1.0.2"
      }
    },
    "eme-encryption-scheme-polyfill": {
      "version": "2.0.3",
      "resolved": "https://registry.npmjs.org/eme-encryption-scheme-polyfill/-/eme-encryption-scheme-polyfill-2.0.3.tgz",
      "integrity": "sha512-44CNFMsqzHdKHrzWxlS7xZ8KUHn5XutBqpmCuWzNIynmAyFInHrrD3ozv/RvK9ZhgV6QY6Easx8EWAmxteNodg=="
    },
    "http-live-simulator": {
      "version": "1.0.8",
      "resolved": "https://registry.npmjs.org/http-live-simulator/-/http-live-simulator-1.0.8.tgz",
      "integrity": "sha512-6/SitVKIiniy3OSsUqCU7HsNf5wJRDm+cqcieUI7Ntmo5eLbY17jlX/o7jNHEkfZg9yeTqHAYjoQU8X+pZ2E9w==",
      "requires": {
        "argparse": "^1.0.10"
      }
    },
    "shaka-player": {
      "version": "3.2.0",
      "resolved": "https://registry.npmjs.org/shaka-player/-/shaka-player-3.2.0.tgz",
      "integrity": "sha512-JwFYNB+jgXKIwukncYEnU3wqR/ScyxpPNkSVUgT4Qxt4uPOkEBwPuZr9cpeqBUMQi6lXpBVTztC76AooPOpZ5g==",
      "requires": {
        "eme-encryption-scheme-polyfill": "^2.0.3"
      }
    },
    "sprintf-js": {
      "version": "1.0.3",
      "resolved": "https://registry.npmjs.org/sprintf-js/-/sprintf-js-1.0.3.tgz",
      "integrity": "sha1-BOaSb2YolTVPPdAVIDYzuFcpfiw="
    }
  }
}
