{
  "name": "shaka-repro",
  "version": "1.0.0",
  "lockfileVersion": 2,
  "requires": true,
  "packages": {
    "": {
      "name": "shaka-repro",
      "version": "1.0.0",
      "license": "ISC",
      "dependencies": {
        "http-live-simulator": "^1.0.8"
      }
    },
    "node_modules/argparse": {
      "version": "1.0.10",
      "resolved": "https://registry.npmjs.org/argparse/-/argparse-1.0.10.tgz",
      "integrity": "sha512-o5Roy6tNG4SL/FOkCAN6RzjiakZS25RLYFrcMttJqbdd8BWrnA+fGz57iN5Pb06pvBGvl5gQ0B48dJlslXvoTg==",
      "dependencies": {
        "sprintf-js": "~1.0.2"
      }
    },
    "node_modules/http-live-simulator": {
      "version": "1.0.8",
      "resolved": "https://registry.npmjs.org/http-live-simulator/-/http-live-simulator-1.0.8.tgz",
      "integrity": "sha512-6/SitVKIiniy3OSsUqCU7HsNf5wJRDm+cqcieUI7Ntmo5eLbY17jlX/o7jNHEkfZg9yeTqHAYjoQU8X+pZ2E9w==",
      "dependencies": {
        "argparse": "^1.0.10"
      },
      "bin": {
        "http-live": "bin/http-live"
      }
    },
    "node_modules/sprintf-js": {
      "version": "1.0.3",
      "resolved": "https://registry.npmjs.org/sprintf-js/-/sprintf-js-1.0.3.tgz",
      "integrity": "sha1-BOaSb2YolTVPPdAVIDYzuFcpfiw="
    }
  },
  "dependencies": {
    "argparse": {
      "version": "1.0.10",
      "resolved": "https://registry.npmjs.org/argparse/-/argparse-1.0.10.tgz",
      "integrity": "sha512-o5Roy6tNG4SL/FOkCAN6RzjiakZS25RLYFrcMttJqbdd8BWrnA+fGz57iN5Pb06pvBGvl5gQ0B48dJlslXvoTg==",
      "requires": {
        "sprintf-js": "~1.0.2"
      }
    },
    "http-live-simulator": {
      "version": "1.0.8",
      "resolved": "https://registry.npmjs.org/http-live-simulator/-/http-live-simulator-1.0.8.tgz",
      "integrity": "sha512-6/SitVKIiniy3OSsUqCU7HsNf5wJRDm+cqcieUI7Ntmo5eLbY17jlX/o7jNHEkfZg9yeTqHAYjoQU8X+pZ2E9w==",
      "requires": {
        "argparse": "^1.0.10"
      }
    },
    "sprintf-js": {
      "version": "1.0.3",
      "resolved": "https://registry.npmjs.org/sprintf-js/-/sprintf-js-1.0.3.tgz",
      "integrity": "sha1-BOaSb2YolTVPPdAVIDYzuFcpfiw="
    }
  }
}
